<?xml version="1.0" encoding="utf-8"?>
<Project ToolsVersion="4.0" xmlns="http://schemas.microsoft.com/developer/msbuild/2003">
  <ItemGroup>
    <Filter Include="Source Files">
      <UniqueIdentifier>{4FC737F1-C7A5-4376-A066-2A32D752A2FF}</UniqueIdentifier>
      <Extensions>cpp;c;cc;cxx;c++;cppm;ixx;def;odl;idl;hpj;bat;asm;asmx</Extensions>
    </Filter>
    <Filter Include="Header Files">
      <UniqueIdentifier>{93995380-89BD-4b04-88EB-625FBE52EBFB}</UniqueIdentifier>
      <Extensions>h;hh;hpp;hxx;h++;hm;inl;inc;ipp;xsd</Extensions>
    </Filter>
    <Filter Include="Resource">
      <UniqueIdentifier>{67DA6AB6-F800-4c08-8B7A-83BB121AAD01}</UniqueIdentifier>
      <Extensions>rc;ico;cur;bmp;dlg;rc2;rct;bin;rgs;gif;jpg;jpeg;jpe;resx;tiff;tif;png;wav;mfcribbon-ms</Extensions>
    </Filter>
    <Filter Include="Resource\OperatorOverload">
      <UniqueIdentifier>{0a49942c-1fe8-46bf-ac87-9f1f4a698be6}</UniqueIdentifier>
    </Filter>
    <Filter Include="Resource\Class">
      <UniqueIdentifier>{3dc37fd2-3a97-48d6-b6c0-cc9feee6e921}</UniqueIdentifier>
    </Filter>
    <Filter Include="Resource\Polymorphism">
      <UniqueIdentifier>{bccb8201-23c7-4d1e-8639-f0d75910dc41}</UniqueIdentifier>
    </Filter>
    <Filter Include="Resource\FileOperate">
      <UniqueIdentifier>{d2ef9566-afb0-4d49-af4a-0033885ff06c}</UniqueIdentifier>
    </Filter>
    <Filter Include="Resource\Template">
      <UniqueIdentifier>{4fd1c642-6f82-47e8-8a47-81eac5decf05}</UniqueIdentifier>
    </Filter>
    <Filter Include="Resource\STL">
      <UniqueIdentifier>{df35932e-b240-4605-b5f2-f1f05651f9e6}</UniqueIdentifier>
    </Filter>
    <Filter Include="Resource\FunctionObject">
      <UniqueIdentifier>{0a9a14bb-cf12-4577-a3bc-155292d93615}</UniqueIdentifier>
    </Filter>
    <Filter Include="Resource\STL\Algorithm">
      <UniqueIdentifier>{f222945f-aec5-4e1b-9fd5-2700ce84734a}</UniqueIdentifier>
    </Filter>
  </ItemGroup>
  <ItemGroup>
    <ClCompile Include="Start.cpp">
      <Filter>Resource</Filter>
    </ClCompile>
    <ClCompile Include="ClassAndFunction.cpp">
      <Filter>Resource</Filter>
    </ClCompile>
    <ClCompile Include="StaticMembers.cpp">
      <Filter>Resource</Filter>
    </ClCompile>
    <ClCompile Include="polymorphic.cpp">
      <Filter>Resource</Filter>
    </ClCompile>
    <ClCompile Include="DataAbstraction.cpp">
      <Filter>Resource</Filter>
    </ClCompile>
    <ClCompile Include="File.cpp">
      <Filter>Resource</Filter>
    </ClCompile>
    <ClCompile Include="Catch.cpp">
      <Filter>Resource</Filter>
    </ClCompile>
    <ClCompile Include="Memory.cpp">
      <Filter>Resource</Filter>
    </ClCompile>
    <ClCompile Include="NameSpace.cpp">
      <Filter>Resource</Filter>
    </ClCompile>
    <ClCompile Include="template_Function.cpp">
      <Filter>Resource</Filter>
    </ClCompile>
    <ClCompile Include="template_Class.cpp">
      <Filter>Resource</Filter>
    </ClCompile>
    <ClCompile Include="Preproccessor.cpp">
      <Filter>Resource</Filter>
    </ClCompile>
    <ClCompile Include="SignalProcessing.cpp">
      <Filter>Resource</Filter>
    </ClCompile>
    <ClCompile Include="thread.cpp">
      <Filter>Resource</Filter>
    </ClCompile>
    <ClCompile Include="BubbleSort.cpp">
      <Filter>Resource</Filter>
    </ClCompile>
    <ClCompile Include="ReverseArray.cpp">
      <Filter>Resource</Filter>
    </ClCompile>
    <ClCompile Include="Struct.cpp">
      <Filter>Resource</Filter>
    </ClCompile>
    <ClCompile Include="Quote.cpp">
      <Filter>Resource</Filter>
    </ClCompile>
    <ClCompile Include="Function.cpp">
      <Filter>Resource</Filter>
    </ClCompile>
    <ClCompile Include="ClassDemo.cpp">
      <Filter>Resource</Filter>
    </ClCompile>
    <ClCompile Include="CirclePoint.cpp">
      <Filter>Resource</Filter>
    </ClCompile>
    <ClCompile Include="Point.cpp">
      <Filter>Resource</Filter>
    </ClCompile>
    <ClCompile Include="Circle.cpp">
      <Filter>Resource</Filter>
    </ClCompile>
    <ClCompile Include="CopyConstructor.cpp">
      <Filter>Resource</Filter>
    </ClCompile>
    <ClCompile Include="Constructors.cpp">
      <Filter>Resource</Filter>
    </ClCompile>
    <ClCompile Include="Friend.cpp">
      <Filter>Resource</Filter>
    </ClCompile>
    <ClCompile Include="加号和左移运算符.cpp">
      <Filter>Resource\OperatorOverload</Filter>
    </ClCompile>
    <ClCompile Include="Overload++.cpp">
      <Filter>Resource\OperatorOverload</Filter>
    </ClCompile>
    <ClCompile Include="Overload=.cpp">
      <Filter>Resource\OperatorOverload</Filter>
    </ClCompile>
    <ClCompile Include="OverLoad==！=.cpp">
      <Filter>Resource\OperatorOverload</Filter>
    </ClCompile>
    <ClCompile Include="Overload().cpp">
      <Filter>Resource\OperatorOverload</Filter>
    </ClCompile>
    <ClCompile Include="ClassModel.cpp">
      <Filter>Resource\Class</Filter>
    </ClCompile>
    <ClCompile Include="继承中同名成员处理.cpp">
      <Filter>Resource\Class</Filter>
    </ClCompile>
    <ClCompile Include="菱形继承.cpp">
      <Filter>Resource\Class</Filter>
    </ClCompile>
    <ClCompile Include="polymorphism.cpp">
      <Filter>Resource\Polymorphism</Filter>
    </ClCompile>
    <ClCompile Include="PloyExamplyCalculator.cpp">
      <Filter>Resource\Polymorphism</Filter>
    </ClCompile>
    <ClCompile Include="AbstractClass.cpp">
      <Filter>Resource\Polymorphism</Filter>
    </ClCompile>
    <ClCompile Include="Example_MakeDrink.cpp">
      <Filter>Resource\Polymorphism</Filter>
    </ClCompile>
    <ClCompile Include="虚析构函数和纯虚构函数.cpp">
      <Filter>Resource\Polymorphism</Filter>
    </ClCompile>
    <ClCompile Include="Example_电脑组装.cpp">
      <Filter>Resource\Polymorphism</Filter>
    </ClCompile>
    <ClCompile Include="Filestream.cpp">
      <Filter>Resource\FileOperate</Filter>
    </ClCompile>
    <ClCompile Include="文本文件——读写.cpp">
      <Filter>Resource\FileOperate</Filter>
    </ClCompile>
    <ClCompile Include="二进制读写.cpp">
      <Filter>Resource\FileOperate</Filter>
    </ClCompile>
    <ClCompile Include="FuncTemplateDemo.cpp">
      <Filter>Resource\Template</Filter>
    </ClCompile>
    <ClCompile Include="FuncTemplate.cpp">
      <Filter>Resource\Template</Filter>
    </ClCompile>
    <ClCompile Include="ClassTemplate.cpp">
      <Filter>Resource\Template</Filter>
    </ClCompile>
    <ClCompile Include="ClassAndFuncTemplateDiff.cpp">
      <Filter>Resource\Template</Filter>
    </ClCompile>
    <ClCompile Include="ClassTemplateAndInherit.cpp">
      <Filter>Resource\Template</Filter>
    </ClCompile>
    <ClCompile Include="类模板成员函数类外实现.cpp">
      <Filter>Resource\Template</Filter>
    </ClCompile>
    <ClCompile Include="类模板分文件编写.cpp">
      <Filter>Resource\Template</Filter>
    </ClCompile>
    <ClCompile Include="ClassTemplateSplitDemo.cpp">
      <Filter>Resource\Template</Filter>
    </ClCompile>
    <ClCompile Include="类模板与友元.cpp">
      <Filter>Resource\Template</Filter>
    </ClCompile>
    <ClCompile Include="STL.cpp">
      <Filter>Resource\STL</Filter>
    </ClCompile>
    <ClCompile Include="算法容器迭代器.cpp">
      <Filter>Resource\STL</Filter>
    </ClCompile>
    <ClCompile Include="Container_string.cpp">
      <Filter>Resource\STL</Filter>
    </ClCompile>
    <ClCompile Include="Container_Vector.cpp">
      <Filter>Resource\STL</Filter>
    </ClCompile>
    <ClCompile Include="Container_deque.cpp">
      <Filter>Resource\STL</Filter>
    </ClCompile>
    <ClCompile Include="Container_stack.cpp">
      <Filter>Resource\STL</Filter>
    </ClCompile>
    <ClCompile Include="Container_queue.cpp">
      <Filter>Resource\STL</Filter>
    </ClCompile>
    <ClCompile Include="Container_list.cpp">
      <Filter>Resource\STL</Filter>
    </ClCompile>
    <ClCompile Include="Container_(multi)set.cpp">
      <Filter>Resource\STL</Filter>
    </ClCompile>
    <ClCompile Include="Container_(multi)map.cpp">
      <Filter>Resource\STL</Filter>
    </ClCompile>
    <ClCompile Include="FunctionObject.cpp">
      <Filter>Resource\FunctionObject</Filter>
    </ClCompile>
    <ClCompile Include="谓词.cpp">
      <Filter>Resource\FunctionObject</Filter>
    </ClCompile>
    <ClCompile Include="STLInternalFO.cpp">
      <Filter>Resource\FunctionObject</Filter>
    </ClCompile>
    <ClCompile Include="NormalAlgorithm.cpp">
      <Filter>Resource\STL\Algorithm</Filter>
    </ClCompile>
  </ItemGroup>
  <ItemGroup>
    <None Include="packages.config" />
  </ItemGroup>
  <ItemGroup>
    <ClInclude Include="Point.h">
      <Filter>Header Files</Filter>
    </ClInclude>
    <ClInclude Include="Circle.h">
      <Filter>Header Files</Filter>
    </ClInclude>
    <ClInclude Include="ClassTemplateSplitDemo.h">
      <Filter>Header Files</Filter>
    </ClInclude>
    <ClInclude Include="ClassTemplateSplitDemo.hpp">
      <Filter>Header Files</Filter>
    </ClInclude>
  </ItemGroup>
</Project>