
Microsoft Visual Studio Solution File, Format Version 12.00
# Visual Studio Version 16
VisualStudioVersion = 16.0.31321.278
MinimumVisualStudioVersion = 10.0.40219.1
Project("{8BC9CEB8-8B4A-11D0-8D11-00A0C91BC942}") = "职工管理系统", "职工管理系统\职工管理系统.vcxproj", "{C02C8C86-CCEC-493A-AF33-466BF59499EF}"
EndProject
Global
	GlobalSection(SolutionConfigurationPlatforms) = preSolution
		Debug|x64 = Debug|x64
		Debug|x86 = Debug|x86
		Release|x64 = Release|x64
		Release|x86 = Release|x86
	EndGlobalSection
	GlobalSection(ProjectConfigurationPlatforms) = postSolution
		{C02C8C86-CCEC-493A-AF33-466BF59499EF}.Debug|x64.ActiveCfg = Debug|x64
		{C02C8C86-CCEC-493A-AF33-466BF59499EF}.Debug|x64.Build.0 = Debug|x64
		{C02C8C86-CCEC-493A-AF33-466BF59499EF}.Debug|x86.ActiveCfg = Debug|Win32
		{C02C8C86-CCEC-493A-AF33-466BF59499EF}.Debug|x86.Build.0 = Debug|Win32
		{C02C8C86-CCEC-493A-AF33-466BF59499EF}.Release|x64.ActiveCfg = Release|x64
		{C02C8C86-CCEC-493A-AF33-466BF59499EF}.Release|x64.Build.0 = Release|x64
		{C02C8C86-CCEC-493A-AF33-466BF59499EF}.Release|x86.ActiveCfg = Release|Win32
		{C02C8C86-CCEC-493A-AF33-466BF59499EF}.Release|x86.Build.0 = Release|Win32
	EndGlobalSection
	GlobalSection(SolutionProperties) = preSolution
		HideSolutionNode = FALSE
	EndGlobalSection
	GlobalSection(ExtensibilityGlobals) = postSolution
		SolutionGuid = {3D7DAB4D-1629-4491-9F5D-C7A3383B185B}
	EndGlobalSection
EndGlobal
